// !$*UTF8*$!
{
	archiveVersion = 1;
	classes = {
	};
	objectVersion = 46;
	objects = {

/* Begin PBXBuildFile section */
		F1601DE31B79C88D003226AF /* main.m in Sources */ = {isa = PBXBuildFile; fileRef = F1601DE21B79C88D003226AF /* main.m */; };
		F1601DE61B79C88D003226AF /* AppDelegate.m in Sources */ = {isa = PBXBuildFile; fileRef = F1601DE51B79C88D003226AF /* AppDelegate.m */; };
		F1601DE91B79C88D003226AF /* ViewController.m in Sources */ = {isa = PBXBuildFile; fileRef = F1601DE81B79C88D003226AF /* ViewController.m */; };
		F1601DEC1B79C88D003226AF /* Main.storyboard in Resources */ = {isa = PBXBuildFile; fileRef = F1601DEA1B79C88D003226AF /* Main.storyboard */; };
		F1601DEE1B79C88D003226AF /* Images.xcassets in Resources */ = {isa = PBXBuildFile; fileRef = F1601DED1B79C88D003226AF /* Images.xcassets */; };
		F1601DF11B79C88D003226AF /* LaunchScreen.xib in Resources */ = {isa = PBXBuildFile; fileRef = F1601DEF1B79C88D003226AF /* LaunchScreen.xib */; };
		F1601DFD1B79C88D003226AF /* NavControllerTests.m in Sources */ = {isa = PBXBuildFile; fileRef = F1601DFC1B79C88D003226AF /* NavControllerTests.m */; };
		F1601E081B79CC94003226AF /* UIImage+Extension.m in Sources */ = {isa = PBXBuildFile; fileRef = F1601E071B79CC94003226AF /* UIImage+Extension.m */; };
/* End PBXBuildFile section */

/* Begin PBXContainerItemProxy section */
		F1601DF71B79C88D003226AF /* PBXContainerItemProxy */ = {
			isa = PBXContainerItemProxy;
			containerPortal = F1601DD51B79C88D003226AF /* Project object */;
			proxyType = 1;
			remoteGlobalIDString = F1601DDC1B79C88D003226AF;
			remoteInfo = NavController;
		};
/* End PBXContainerItemProxy section */

/* Begin PBXFileReference section */
		F1601DDD1B79C88D003226AF /* NavController.app */ = {isa = PBXFileReference; explicitFileType = wrapper.application; includeInIndex = 0; path = NavController.app; sourceTree = BUILT_PRODUCTS_DIR; };
		F1601DE11B79C88D003226AF /* Info.plist */ = {isa = PBXFileReference; lastKnownFileType = text.plist.xml; path = Info.plist; sourceTree = "<group>"; };
		F1601DE21B79C88D003226AF /* main.m */ = {isa = PBXFileReference; lastKnownFileType = sourcecode.c.objc; path = main.m; sourceTree = "<group>"; };
		F1601DE41B79C88D003226AF /* AppDelegate.h */ = {isa = PBXFileReference; lastKnownFileType = sourcecode.c.h; path = AppDelegate.h; sourceTree = "<group>"; };
		F1601DE51B79C88D003226AF /* AppDelegate.m */ = {isa = PBXFileReference; lastKnownFileType = sourcecode.c.objc; path = AppDelegate.m; sourceTree = "<group>"; };
		F1601DE71B79C88D003226AF /* ViewController.h */ = {isa = PBXFileReference; lastKnownFileType = sourcecode.c.h; path = ViewController.h; sourceTree = "<group>"; };
		F1601DE81B79C88D003226AF /* ViewController.m */ = {isa = PBXFileReference; lastKnownFileType = sourcecode.c.objc; path = ViewController.m; sourceTree = "<group>"; };
		F1601DEB1B79C88D003226AF /* Base */ = {isa = PBXFileReference; lastKnownFileType = file.storyboard; name = Base; path = Base.lproj/Main.storyboard; sourceTree = "<group>"; };
		F1601DED1B79C88D003226AF /* Images.xcassets */ = {isa = PBXFileReference; lastKnownFileType = folder.assetcatalog; path = Images.xcassets; sourceTree = "<group>"; };
		F1601DF01B79C88D003226AF /* Base */ = {isa = PBXFileReference; lastKnownFileType = file.xib; name = Base; path = Base.lproj/LaunchScreen.xib; sourceTree = "<group>"; };
		F1601DF61B79C88D003226AF /* NavControllerTests.xctest */ = {isa = PBXFileReference; explicitFileType = wrapper.cfbundle; includeInIndex = 0; path = NavControllerTests.xctest; sourceTree = BUILT_PRODUCTS_DIR; };
		F1601DFB1B79C88D003226AF /* Info.plist */ = {isa = PBXFileReference; lastKnownFileType = text.plist.xml; path = Info.plist; sourceTree = "<group>"; };
		F1601DFC1B79C88D003226AF /* NavControllerTests.m */ = {isa = PBXFileReference; lastKnownFileType = sourcecode.c.objc; path = NavControllerTests.m; sourceTree = "<group>"; };
		F1601E061B79CC94003226AF /* UIImage+Extension.h */ = {isa = PBXFileReference; fileEncoding = 4; lastKnownFileType = sourcecode.c.h; path = "UIImage+Extension.h"; sourceTree = "<group>"; };
		F1601E071B79CC94003226AF /* UIImage+Extension.m */ = {isa = PBXFileReference; fileEncoding = 4; lastKnownFileType = sourcecode.c.objc; path = "UIImage+Extension.m"; sourceTree = "<group>"; };
/* End PBXFileReference section */

/* Begin PBXFrameworksBuildPhase section */
		F1601DDA1B79C88D003226AF /* Frameworks */ = {
			isa = PBXFrameworksBuildPhase;
			buildActionMask = 2147483647;
			files = (
			);
			runOnlyForDeploymentPostprocessing = 0;
		};
		F1601DF31B79C88D003226AF /* Frameworks */ = {
			isa = PBXFrameworksBuildPhase;
			buildActionMask = 2147483647;
			files = (
			);
			runOnlyForDeploymentPostprocessing = 0;
		};
/* End PBXFrameworksBuildPhase section */

/* Begin PBXGroup section */
		F1601DD41B79C88D003226AF = {
			isa = PBXGroup;
			children = (
				F1601DDF1B79C88D003226AF /* NavController */,
				F1601DF91B79C88D003226AF /* NavControllerTests */,
				F1601DDE1B79C88D003226AF /* Products */,
			);
			sourceTree = "<group>";
		};
		F1601DDE1B79C88D003226AF /* Products */ = {
			isa = PBXGroup;
			children = (
				F1601DDD1B79C88D003226AF /* NavController.app */,
				F1601DF61B79C88D003226AF /* NavControllerTests.xctest */,
			);
			name = Products;
			sourceTree = "<group>";
		};
		F1601DDF1B79C88D003226AF /* NavController */ = {
			isa = PBXGroup;
			children = (
				F1601DE41B79C88D003226AF /* AppDelegate.h */,
				F1601DE51B79C88D003226AF /* AppDelegate.m */,
				F1601DE71B79C88D003226AF /* ViewController.h */,
				F1601DE81B79C88D003226AF /* ViewController.m */,
				F1601E061B79CC94003226AF /* UIImage+Extension.h */,
				F1601E071B79CC94003226AF /* UIImage+Extension.m */,
				F1601DEA1B79C88D003226AF /* Main.storyboard */,
				F1601DED1B79C88D003226AF /* Images.xcassets */,
				F1601DEF1B79C88D003226AF /* LaunchScreen.xib */,
				F1601DE01B79C88D003226AF /* Supporting Files */,
			);
			path = NavController;
			sourceTree = "<group>";
		};
		F1601DE01B79C88D003226AF /* Supporting Files */ = {
			isa = PBXGroup;
			children = (
				F1601DE11B79C88D003226AF /* Info.plist */,
				F1601DE21B79C88D003226AF /* main.m */,
			);
			name = "Supporting Files";
			sourceTree = "<group>";
		};
		F1601DF91B79C88D003226AF /* NavControllerTests */ = {
			isa = PBXGroup;
			children = (
				F1601DFC1B79C88D003226AF /* NavControllerTests.m */,
				F1601DFA1B79C88D003226AF /* Supporting Files */,
			);
			path = NavControllerTests;
			sourceTree = "<group>";
		};
		F1601DFA1B79C88D003226AF /* Supporting Files */ = {
			isa = PBXGroup;
			children = (
				F1601DFB1B79C88D003226AF /* Info.plist */,
			);
			name = "Supporting Files";
			sourceTree = "<group>";
		};
/* End PBXGroup section */

/* Begin PBXNativeTarget section */
		F1601DDC1B79C88D003226AF /* NavController */ = {
			isa = PBXNativeTarget;
			buildConfigurationList = F1601E001B79C88D003226AF /* Build configuration list for PBXNativeTarget "NavController" */;
			buildPhases = (
				F1601DD91B79C88D003226AF /* Sources */,
				F1601DDA1B79C88D003226AF /* Frameworks */,
				F1601DDB1B79C88D003226AF /* Resources */,
			);
			buildRules = (
			);
			dependencies = (
			);
			name = NavController;
			productName = NavController;
			productReference = F1601DDD1B79C88D003226AF /* NavController.app */;
			productType = "com.apple.product-type.application";
		};
		F1601DF51B79C88D003226AF /* NavControllerTests */ = {
			isa = PBXNativeTarget;
			buildConfigurationList = F1601E031B79C88D003226AF /* Build configuration list for PBXNativeTarget "NavControllerTests" */;
			buildPhases = (
				F1601DF21B79C88D003226AF /* Sources */,
				F1601DF31B79C88D003226AF /* Frameworks */,
				F1601DF41B79C88D003226AF /* Resources */,
			);
			buildRules = (
			);
			dependencies = (
				F1601DF81B79C88D003226AF /* PBXTargetDependency */,
			);
			name = NavControllerTests;
			productName = NavControllerTests;
			productReference = F1601DF61B79C88D003226AF /* NavControllerTests.xctest */;
			productType = "com.apple.product-type.bundle.unit-test";
		};
/* End PBXNativeTarget section */

/* Begin PBXProject section */
		F1601DD51B79C88D003226AF /* Project object */ = {
			isa = PBXProject;
			attributes = {
				LastUpgradeCheck = 0640;
				ORGANIZATIONNAME = Vols;
				TargetAttributes = {
					F1601DDC1B79C88D003226AF = {
						CreatedOnToolsVersion = 6.4;
					};
					F1601DF51B79C88D003226AF = {
						CreatedOnToolsVersion = 6.4;
						TestTargetID = F1601DDC1B79C88D003226AF;
					};
				};
			};
			buildConfigurationList = F1601DD81B79C88D003226AF /* Build configuration list for PBXProject "NavController" */;
			compatibilityVersion = "Xcode 3.2";
			developmentRegion = English;
			hasScannedForEncodings = 0;
			knownRegions = (
				en,
				Base,
			);
			mainGroup = F1601DD41B79C88D003226AF;
			productRefGroup = F1601DDE1B79C88D003226AF /* Products */;
			projectDirPath = "";
			projectRoot = "";
			targets = (
				F1601DDC1B79C88D003226AF /* NavController */,
				F1601DF51B79C88D003226AF /* NavControllerTests */,
			);
		};
/* End PBXProject section */

/* Begin PBXResourcesBuildPhase section */
		F1601DDB1B79C88D003226AF /* Resources */ = {
			isa = PBXResourcesBuildPhase;
			buildActionMask = 2147483647;
			files = (
				F1601DEC1B79C88D003226AF /* Main.storyboard in Resources */,
				F1601DF11B79C88D003226AF /* LaunchScreen.xib in Resources */,
				F1601DEE1B79C88D003226AF /* Images.xcassets in Resources */,
			);
			runOnlyForDeploymentPostprocessing = 0;
		};
		F1601DF41B79C88D003226AF /* Resources */ = {
			isa = PBXResourcesBuildPhase;
			buildActionMask = 2147483647;
			files = (
			);
			runOnlyForDeploymentPostprocessing = 0;
		};
/* End PBXResourcesBuildPhase section */

/* Begin PBXSourcesBuildPhase section */
		F1601DD91B79C88D003226AF /* Sources */ = {
			isa = PBXSourcesBuildPhase;
			buildActionMask = 2147483647;
			files = (
				F1601DE91B79C88D003226AF /* ViewController.m in Sources */,
				F1601DE61B79C88D003226AF /* AppDelegate.m in Sources */,
				F1601DE31B79C88D003226AF /* main.m in Sources */,
				F1601E081B79CC94003226AF /* UIImage+Extension.m in Sources */,
			);
			runOnlyForDeploymentPostprocessing = 0;
		};
		F1601DF21B79C88D003226AF /* Sources */ = {
			isa = PBXSourcesBuildPhase;
			buildActionMask = 2147483647;
			files = (
				F1601DFD1B79C88D003226AF /* NavControllerTests.m in Sources */,
			);
			runOnlyForDeploymentPostprocessing = 0;
		};
/* End PBXSourcesBuildPhase section */

/* Begin PBXTargetDependency section */
		F1601DF81B79C88D003226AF /* PBXTargetDependency */ = {
			isa = PBXTargetDependency;
			target = F1601DDC1B79C88D003226AF /* NavController */;
			targetProxy = F1601DF71B79C88D003226AF /* PBXContainerItemProxy */;
		};
/* End PBXTargetDependency section */

/* Begin PBXVariantGroup section */
		F1601DEA1B79C88D003226AF /* Main.storyboard */ = {
			isa = PBXVariantGroup;
			children = (
				F1601DEB1B79C88D003226AF /* Base */,
			);
			name = Main.storyboard;
			sourceTree = "<group>";
		};
		F1601DEF1B79C88D003226AF /* LaunchScreen.xib */ = {
			isa = PBXVariantGroup;
			children = (
				F1601DF01B79C88D003226AF /* Base */,
			);
			name = LaunchScreen.xib;
			sourceTree = "<group>";
		};
/* End PBXVariantGroup section */

/* Begin XCBuildConfiguration section */
		F1601DFE1B79C88D003226AF /* Debug */ = {
			isa = XCBuildConfiguration;
			buildSettings = {
				ALWAYS_SEARCH_USER_PATHS = NO;
				CLANG_CXX_LANGUAGE_STANDARD = "gnu++0x";
				CLANG_CXX_LIBRARY = "libc++";
				CLANG_ENABLE_MODULES = YES;
				CLANG_ENABLE_OBJC_ARC = YES;
				CLANG_WARN_BOOL_CONVERSION = YES;
				CLANG_WARN_CONSTANT_CONVERSION = YES;
				CLANG_WARN_DIRECT_OBJC_ISA_USAGE = YES_ERROR;
				CLANG_WARN_EMPTY_BODY = YES;
				CLANG_WARN_ENUM_CONVERSION = YES;
				CLANG_WARN_INT_CONVERSION = YES;
				CLANG_WARN_OBJC_ROOT_CLASS = YES_ERROR;
				CLANG_WARN_UNREACHABLE_CODE = YES;
				CLANG_WARN__DUPLICATE_METHOD_MATCH = YES;
				"CODE_SIGN_IDENTITY[sdk=iphoneos*]" = "iPhone Developer";
				COPY_PHASE_STRIP = NO;
				DEBUG_INFORMATION_FORMAT = "dwarf-with-dsym";
				ENABLE_STRICT_OBJC_MSGSEND = YES;
				GCC_C_LANGUAGE_STANDARD = gnu99;
				GCC_DYNAMIC_NO_PIC = NO;
				GCC_NO_COMMON_BLOCKS = YES;
				GCC_OPTIMIZATION_LEVEL = 0;
				GCC_PREPROCESSOR_DEFINITIONS = (
					"DEBUG=1",
					"$(inherited)",
				);
				GCC_SYMBOLS_PRIVATE_EXTERN = NO;
				GCC_WARN_64_TO_32_BIT_CONVERSION = YES;
				GCC_WARN_ABOUT_RETURN_TYPE = YES_ERROR;
				GCC_WARN_UNDECLARED_SELECTOR = YES;
				GCC_WARN_UNINITIALIZED_AUTOS = YES_AGGRESSIVE;
				GCC_WARN_UNUSED_FUNCTION = YES;
				GCC_WARN_UNUSED_VARIABLE = YES;
				IPHONEOS_DEPLOYMENT_TARGET = 8.4;
				MTL_ENABLE_DEBUG_INFO = YES;
				ONLY_ACTIVE_ARCH = YES;
				SDKROOT = iphoneos;
			};
			name = Debug;
		};
		F1601DFF1B79C88D003226AF /* Release */ = {
			isa = XCBuildConfiguration;
			buildSettings = {
				ALWAYS_SEARCH_USER_PATHS = NO;
				CLANG_CXX_LANGUAGE_STANDARD = "gnu++0x";
				CLANG_CXX_LIBRARY = "libc++";
				CLANG_ENABLE_MODULES = YES;
				CLANG_ENABLE_OBJC_ARC = YES;
				CLANG_WARN_BOOL_CONVERSION = YES;
				CLANG_WARN_CONSTANT_CONVERSION = YES;
				CLANG_WARN_DIRECT_OBJC_ISA_USAGE = YES_ERROR;
				CLANG_WARN_EMPTY_BODY = YES;
				CLANG_WARN_ENUM_CONVERSION = YES;
				CLANG_WARN_INT_CONVERSION = YES;
				CLANG_WARN_OBJC_ROOT_CLASS = YES_ERROR;
				CLANG_WARN_UNREACHABLE_CODE = YES;
				CLANG_WARN__DUPLICATE_METHOD_MATCH = YES;
				"CODE_SIGN_IDENTITY[sdk=iphoneos*]" = "iPhone Developer";
				COPY_PHASE_STRIP = NO;
				DEBUG_INFORMATION_FORMAT = "dwarf-with-dsym";
				ENABLE_NS_ASSERTIONS = NO;
				ENABLE_STRICT_OBJC_MSGSEND = YES;
				GCC_C_LANGUAGE_STANDARD = gnu99;
				GCC_NO_COMMON_BLOCKS = YES;
				GCC_WARN_64_TO_32_BIT_CONVERSION = YES;
				GCC_WARN_ABOUT_RETURN_TYPE = YES_ERROR;
				GCC_WARN_UNDECLARED_SELECTOR = YES;
				GCC_WARN_UNINITIALIZED_AUTOS = YES_AGGRESSIVE;
				GCC_WARN_UNUSED_FUNCTION = YES;
				GCC_WARN_UNUSED_VARIABLE = YES;
				IPHONEOS_DEPLOYMENT_TARGET = 8.4;
				MTL_ENABLE_DEBUG_INFO = NO;
				SDKROOT = iphoneos;
				VALIDATE_PRODUCT = YES;
			};
			name = Release;
		};
		F1601E011B79C88D003226AF /* Debug */ = {
			isa = XCBuildConfiguration;
			buildSettings = {
				ASSETCATALOG_COMPILER_APPICON_NAME = AppIcon;
				INFOPLIST_FILE = NavController/Info.plist;
				LD_RUNPATH_SEARCH_PATHS = "$(inherited) @executable_path/Frameworks";
				PRODUCT_NAME = "$(TARGET_NAME)";
			};
			name = Debug;
		};
		F1601E021B79C88D003226AF /* Release */ = {
			isa = XCBuildConfiguration;
			buildSettings = {
				ASSETCATALOG_COMPILER_APPICON_NAME = AppIcon;
				INFOPLIST_FILE = NavController/Info.plist;
				LD_RUNPATH_SEARCH_PATHS = "$(inherited) @executable_path/Frameworks";
				PRODUCT_NAME = "$(TARGET_NAME)";
			};
			name = Release;
		};
		F1601E041B79C88D003226AF /* Debug */ = {
			isa = XCBuildConfiguration;
			buildSettings = {
				BUNDLE_LOADER = "$(TEST_HOST)";
				FRAMEWORK_SEARCH_PATHS = (
					"$(SDKROOT)/Developer/Library/Frameworks",
					"$(inherited)",
				);
				GCC_PREPROCESSOR_DEFINITIONS = (
					"DEBUG=1",
					"$(inherited)",
				);
				INFOPLIST_FILE = NavControllerTests/Info.plist;
				LD_RUNPATH_SEARCH_PATHS = "$(inherited) @executable_path/Frameworks @loader_path/Frameworks";
				PRODUCT_NAME = "$(TARGET_NAME)";
				TEST_HOST = "$(BUILT_PRODUCTS_DIR)/NavController.app/NavController";
			};
			name = Debug;
		};
		F1601E051B79C88D003226AF /* Release */ = {
			isa = XCBuildConfiguration;
			buildSettings = {
				BUNDLE_LOADER = "$(TEST_HOST)";
				FRAMEWORK_SEARCH_PATHS = (
					"$(SDKROOT)/Developer/Library/Frameworks",
					"$(inherited)",
				);
				INFOPLIST_FILE = NavControllerTests/Info.plist;
				LD_RUNPATH_SEARCH_PATHS = "$(inherited) @executable_path/Frameworks @loader_path/Frameworks";
				PRODUCT_NAME = "$(TARGET_NAME)";
				TEST_HOST = "$(BUILT_PRODUCTS_DIR)/NavController.app/NavController";
			};
			name = Release;
		};
/* End XCBuildConfiguration section */

/* Begin XCConfigurationList section */
		F1601DD81B79C88D003226AF /* Build configuration list for PBXProject "NavController" */ = {
			isa = XCConfigurationList;
			buildConfigurations = (
				F1601DFE1B79C88D003226AF /* Debug */,
				F1601DFF1B79C88D003226AF /* Release */,
			);
			defaultConfigurationIsVisible = 0;
			defaultConfigurationName = Release;
		};
		F1601E001B79C88D003226AF /* Build configuration list for PBXNativeTarget "NavController" */ = {
			isa = XCConfigurationList;
			buildConfigurations = (
				F1601E011B79C88D003226AF /* Debug */,
				F1601E021B79C88D003226AF /* Release */,
			);
			defaultConfigurationIsVisible = 0;
		};
		F1601E031B79C88D003226AF /* Build configuration list for PBXNativeTarget "NavControllerTests" */ = {
			isa = XCConfigurationList;
			buildConfigurations = (
				F1601E041B79C88D003226AF /* Debug */,
				F1601E051B79C88D003226AF /* Release */,
			);
			defaultConfigurationIsVisible = 0;
		};
/* End XCConfigurationList section */
	};
	rootObject = F1601DD51B79C88D003226AF /* Project object */;
}
